
Microsoft Visual Studio Solution File, Format Version 12.00
# Visual Studio Version 16
VisualStudioVersion = 16.0.31727.386
MinimumVisualStudioVersion = 10.0.40219.1
Project("{9A19103F-16F7-4668-BE54-9A1E7A4F7556}") = "NGConnection", "NGConnection\NGConnection.csproj", "{77FA0A46-DBE5-4DE7-9510-6305D5FEE87E}"
EndProject
Project("{FAE04EC0-301F-11D3-BF4B-00C04F79EFBC}") = "Teste", "Teste\Teste.csproj", "{0822FB43-4D0F-405A-8609-291A7A0D8601}"
EndProject
Global
	GlobalSection(SolutionConfigurationPlatforms) = preSolution
		Debug|Any CPU = Debug|Any CPU
		Release|Any CPU = Release|Any CPU
	EndGlobalSection
	GlobalSection(ProjectConfigurationPlatforms) = postSolution
		{77FA0A46-DBE5-4DE7-9510-6305D5FEE87E}.Debug|Any CPU.ActiveCfg = Debug|Any CPU
		{77FA0A46-DBE5-4DE7-9510-6305D5FEE87E}.Debug|Any CPU.Build.0 = Debug|Any CPU
		{77FA0A46-DBE5-4DE7-9510-6305D5FEE87E}.Release|Any CPU.ActiveCfg = Release|Any CPU
		{77FA0A46-DBE5-4DE7-9510-6305D5FEE87E}.Release|Any CPU.Build.0 = Release|Any CPU
		{0822FB43-4D0F-405A-8609-291A7A0D8601}.Debug|Any CPU.ActiveCfg = Debug|Any CPU
		{0822FB43-4D0F-405A-8609-291A7A0D8601}.Debug|Any CPU.Build.0 = Debug|Any CPU
		{0822FB43-4D0F-405A-8609-291A7A0D8601}.Release|Any CPU.ActiveCfg = Release|Any CPU
		{0822FB43-4D0F-405A-8609-291A7A0D8601}.Release|Any CPU.Build.0 = Release|Any CPU
	EndGlobalSection
	GlobalSection(SolutionProperties) = preSolution
		HideSolutionNode = FALSE
	EndGlobalSection
	GlobalSection(ExtensibilityGlobals) = postSolution
		SolutionGuid = {8EA8BC63-C4A6-4F74-9EF9-C52291EBD4EA}
	EndGlobalSection
EndGlobal
